schema: '2.0'
stages:
  create_training_snapshot:
    cmd: python scripts/create_training_snapshot.py --cutoff-date 2025-01-26 
      --feature-path data/features/training/taxi_demand_features.parquet
    deps:
    - path: data/features/training/taxi_demand_features.parquet
      hash: md5
      md5: 8c7bd242020a97edb7c0e375665c3803
      size: 450099
    - path: scripts/create_training_snapshot.py
      hash: md5
      md5: 9845a497b9e5fe0bef44bea3a686570b
      size: 2303
    - path: src/data_versioning/pipeline_files.py
      hash: md5
      md5: 943714444fc1647b0370e5aa38b22ac0
      size: 1295
    - path: src/data_versioning/snapshot.py
      hash: md5
      md5: 8bee9c364df1efe17efd47f27167d76c
      size: 2541
    params:
      params.json:
        data.training_cutoff: '2025-01-26'
    outs:
    - path: data/snapshots/training/taxi_demand_2025-01-26.parquet
      hash: md5
      md5: 8c7bd242020a97edb7c0e375665c3803
      size: 450099
  build_training_features:
    cmd: python scripts/build_features.py --start-date 2025-01-01 --end-date 
      2025-01-26 --output-path 
      data/features/training/taxi_demand_features.parquet --force
    deps:
    - path: data/processed/demand
      hash: md5
      md5: 9be6b82a6a55433a2e0de81a542105d8.dir
      size: 232854
      nfiles: 29
    - path: pyproject.toml
      hash: md5
      md5: 0f32b2af2bc62a56a311ba96048e1536
      size: 1182
    - path: scripts/build_features.py
      hash: md5
      md5: 97f8c149b917e6aaa7a600cd52d7ca38
      size: 2194
    - path: src/data_versioning/pipeline_files.py
      hash: md5
      md5: 943714444fc1647b0370e5aa38b22ac0
      size: 1295
    - path: src/features/build_features.py
      hash: md5
      md5: 5bad3386b3427c0bc1b56541dee9989f
      size: 4245
    - path: src/features/dataset.py
      hash: md5
      md5: 9a918e8d1756f9755dd845f54b363112
      size: 4347
    - path: uv.lock
      hash: md5
      md5: c7a3d76e44404d967b8310550262f696
      size: 451402
    params:
      params.json:
        data.history_start: '2025-01-01'
        data.training_cutoff: '2025-01-26'
    outs:
    - path: data/features/training/taxi_demand_features.parquet
      hash: md5
      md5: 8c7bd242020a97edb7c0e375665c3803
      size: 450099
